version = 1
revision = 3
requires-python = "==3.12.*"

[[package]]
name = "cellecta-drivermap-air-vbc-scripts"
version = "0.0.0"
source = { virtual = "." }

[package.dev-dependencies]
dev = [
    { name = "numpy" },
    { name = "pandas" },
    { name = "polars" },
    { name = "polars-hash" },
    { name = "pytest" },
    { name = "pytest-cov" },
    { name = "scikit-learn" },
    { name = "scipy" },
]

[package.metadata]

[package.metadata.requires-dev]
dev = [
    { name = "numpy", specifier = "==2.2.4" },
    { name = "pandas", specifier = "==2.2.3" },
    { name = "polars", specifier = "==1.23.0" },
    { name = "polars-hash", specifier = "==0.5.2" },
    { name = "pytest", specifier = ">=9.0.2" },
    { name = "pytest-cov", specifier = ">=6.0.0" },
    { name = "scikit-learn", specifier = "==1.6.1" },
    { name = "scipy", specifier = "==1.15.2" },
]

[[package]]
name = "colorama"
version = "0.4.6"
source = { registry = "https://pypi.org/simple" }
sdist = { url = "https://files.pythonhosted.org/packages/d8/53/6f443c9a4a8358a93a6792e2acffb9d9d5cb0a5cfd8802644b7b1c9a02e4/colorama-0.4.6.tar.gz", hash = "sha256:08695f5cb7ed6e0531a20572697297273c47b8cae5a63ffc6d6ed5c201be6e44", size = 27697, upload-time = "2022-10-25T02:36:22.414Z" }
wheels = [
    { url = "https://files.pythonhosted.org/packages/d1/d6/3965ed04c63042e047cb6a3e6ed1a63a35087b6a609aa3a15ed8ac56c221/colorama-0.4.6-py2.py3-none-any.whl", hash = "sha256:4f1d9991f5acc0ca119f9d443620b77f9d6b33703e51011c16baf57afb285fc6", size = 25335, upload-time = "2022-10-25T02:36:20.889Z" },
]

[[package]]
name = "coverage"
version = "7.14.1"
source = { registry = "https://pypi.org/simple" }
sdist = { url = "https://files.pythonhosted.org/packages/54/fd/0ab2772530e946e1be1abd0bc09e647ec9b02e88f0867857601fefca8953/coverage-7.14.1.tar.gz", hash = "sha256:30c08f7d90415aa98b3c990385dea2939b0da55f38515e5b369b83655f8523be", size = 920132, upload-time = "2026-05-26T20:41:36.783Z" }
wheels = [
    { url = "https://files.pythonhosted.org/packages/3d/b7/bdbb725ba02c5b42825b200c940f38b7a54fcad24627b7192f78f8110d76/coverage-7.14.1-cp312-cp312-macosx_10_13_x86_64.whl", hash = "sha256:a06c76364a9360e33d6d23769aefdf7f66f38e2ffb60ceb1baaa4989d83b695c", size = 220022, upload-time = "2026-05-26T20:39:03.702Z" },
    { url = "https://files.pythonhosted.org/packages/72/81/fdc0898a55c6219223291ec1a1fe89966ef212ce82276aa0899df84b5de0/coverage-7.14.1-cp312-cp312-macosx_11_0_arm64.whl", hash = "sha256:fad54e871165f6ec2f536063ac74c3104508a12963e64072ba44bd822de52b0c", size = 220379, upload-time = "2026-05-26T20:39:05.381Z" },
    { url = "https://files.pythonhosted.org/packages/de/72/de048c4a25e13bce59ac6a339351c10bdf2515e07459afcdaf04dc3143a2/coverage-7.14.1-cp312-cp312-manylinux1_i686.manylinux_2_28_i686.manylinux_2_5_i686.whl", hash = "sha256:84b535f00655ecafe1d929d1fb00ed5d6fa3051ea643ab2c161a3887b86f294b", size = 251888, upload-time = "2026-05-26T20:39:07.367Z" },
    { url = "https://files.pythonhosted.org/packages/28/30/300c343f68beb9d4cbb64ec81e58c5b6b80b56927f72d2b38654ac26e013/coverage-7.14.1-cp312-cp312-manylinux1_x86_64.manylinux_2_28_x86_64.manylinux_2_5_x86_64.whl", hash = "sha256:6b6b0853b895fe0e98cbfc580d1ec3393d9302b4b1e96a77b3f5c91fdab899e6", size = 254624, upload-time = "2026-05-26T20:39:09.037Z" },
    { url = "https://files.pythonhosted.org/packages/b1/ed/7b25642496e8170b6bac14adce00537c6e5fa2d586159401a4de3e8b49e6/coverage-7.14.1-cp312-cp312-manylinux2014_aarch64.manylinux_2_17_aarch64.manylinux_2_28_aarch64.whl", hash = "sha256:442cc9c952b2df400cda54bb04ab87330cf2cd08a8692cbbea36773531eb6f37", size = 255739, upload-time = "2026-05-26T20:39:10.889Z" },
    { url = "https://files.pythonhosted.org/packages/7f/a2/abd210b8c4e29c24e4624916db97bb519097a91034aaeb767f937e7da794/coverage-7.14.1-cp312-cp312-manylinux2014_ppc64le.manylinux_2_17_ppc64le.manylinux_2_28_ppc64le.whl", hash = "sha256:8270544c361ed405a27a060dbc9ed2c124b084d96dfdc2d9a2510482aef981ad", size = 257998, upload-time = "2026-05-26T20:39:12.722Z" },
    { url = "https://files.pythonhosted.org/packages/7f/24/7c50beed3792fe62f6ce0545c6686ce83379719e2c0276179333d97eae92/coverage-7.14.1-cp312-cp312-manylinux_2_31_riscv64.manylinux_2_39_riscv64.whl", hash = "sha256:48b283b1dd6372e8de2a7a9a4c4d5dc06f4d4fd209b876f3c88a7a205a0c8f84", size = 252296, upload-time = "2026-05-26T20:39:14.259Z" },
    { url = "https://files.pythonhosted.org/packages/15/05/0f874628ebcbfc77ead559ff210281ef06a97db08481832e7dd39274a135/coverage-7.14.1-cp312-cp312-musllinux_1_2_aarch64.whl", hash = "sha256:5b0c99ba93a07d56f6df340bb79be53202a082b2fdb81bfe6190b741a3470d54", size = 253658, upload-time = "2026-05-26T20:39:15.923Z" },
    { url = "https://files.pythonhosted.org/packages/99/6f/ca6ad067364b337ef997802115e7ecad2abd2248b05471464b0dea02b4d4/coverage-7.14.1-cp312-cp312-musllinux_1_2_i686.whl", hash = "sha256:e471bc5769ff073b058cfadb0d736b56ce067c8560eabeb0da88462df98c23e7", size = 251803, upload-time = "2026-05-26T20:39:17.537Z" },
    { url = "https://files.pythonhosted.org/packages/c0/30/b9b4d377cd9f40baf228068f5a81faf8450c6228503011bd499708483a50/coverage-7.14.1-cp312-cp312-musllinux_1_2_ppc64le.whl", hash = "sha256:f497a1ea81d4cd7c10ddcaa685135b9aabd291af3d55775a9ddf3cb7a364cdd9", size = 255873, upload-time = "2026-05-26T20:39:19.414Z" },
    { url = "https://files.pythonhosted.org/packages/3c/21/7c721a9e5e6bb88547d30a787aefb97512d3f54c1324c7488d9b3743f7f9/coverage-7.14.1-cp312-cp312-musllinux_1_2_riscv64.whl", hash = "sha256:2222be86d0b54f5dd5a38f45f17f315f737245e857bf0bdedc70734f84a13c02", size = 251372, upload-time = "2026-05-26T20:39:21.169Z" },
    { url = "https://files.pythonhosted.org/packages/9d/8c/f8ae5a2200130e1503cd7661a6cd3b2b7bacef98277fbf3571fb13f8b766/coverage-7.14.1-cp312-cp312-musllinux_1_2_x86_64.whl", hash = "sha256:85e85586565842f6932abebd4c18bcb1074223dc0b3576e7d173ca710622813a", size = 253245, upload-time = "2026-05-26T20:39:23.097Z" },
    { url = "https://files.pythonhosted.org/packages/34/62/70a9024672a5f6910517d9628c52c9afbdd3cf8f46426af52bb148a56fff/coverage-7.14.1-cp312-cp312-win32.whl", hash = "sha256:4a28fd227808366b196a75476dced2eb35b351d6766ba9c858dc93319e87f4f1", size = 222567, upload-time = "2026-05-26T20:39:24.868Z" },
    { url = "https://files.pythonhosted.org/packages/f6/81/8b7cd386839b039ebe1855733b9f9449a8dec5d79564018234f185a7fa70/coverage-7.14.1-cp312-cp312-win_amd64.whl", hash = "sha256:54acdb6674a4661768d7bf7db32dfb9f46ab1d764f8aba6df75ce1a6a088724e", size = 223372, upload-time = "2026-05-26T20:39:26.603Z" },
    { url = "https://files.pythonhosted.org/packages/ae/ba/b44d472022f620d289d95fa830143235c0c36461c6f2437ea8d51e5481ed/coverage-7.14.1-cp312-cp312-win_arm64.whl", hash = "sha256:99cd41ff91afd94896fea3bc002706b6ae4ce95727d06e4a0f39c0a8d8bd8b1a", size = 221989, upload-time = "2026-05-26T20:39:28.242Z" },
    { url = "https://files.pythonhosted.org/packages/8a/3c/1a983b9a745d7f83d53f057bcc5bf79ba6a2bbc08266b3f0c7d6fe630c9b/coverage-7.14.1-py3-none-any.whl", hash = "sha256:a252f21c27e38347e60111a3266b03827422a7d5525951aceee313aa68bab1d2", size = 211815, upload-time = "2026-05-26T20:41:34.078Z" },
]

[[package]]
name = "iniconfig"
version = "2.3.0"
source = { registry = "https://pypi.org/simple" }
sdist = { url = "https://files.pythonhosted.org/packages/72/34/14ca021ce8e5dfedc35312d08ba8bf51fdd999c576889fc2c24cb97f4f10/iniconfig-2.3.0.tar.gz", hash = "sha256:c76315c77db068650d49c5b56314774a7804df16fee4402c1f19d6d15d8c4730", size = 20503, upload-time = "2025-10-18T21:55:43.219Z" }
wheels = [
    { url = "https://files.pythonhosted.org/packages/cb/b1/3846dd7f199d53cb17f49cba7e651e9ce294d8497c8c150530ed11865bb8/iniconfig-2.3.0-py3-none-any.whl", hash = "sha256:f631c04d2c48c52b84d0d0549c99ff3859c98df65b3101406327ecc7d53fbf12", size = 7484, upload-time = "2025-10-18T21:55:41.639Z" },
]

[[package]]
name = "joblib"
version = "1.5.3"
source = { registry = "https://pypi.org/simple" }
sdist = { url = "https://files.pythonhosted.org/packages/41/f2/d34e8b3a08a9cc79a50b2208a93dce981fe615b64d5a4d4abee421d898df/joblib-1.5.3.tar.gz", hash = "sha256:8561a3269e6801106863fd0d6d84bb737be9e7631e33aaed3fb9ce5953688da3", size = 331603, upload-time = "2025-12-15T08:41:46.427Z" }
wheels = [
    { url = "https://files.pythonhosted.org/packages/7b/91/984aca2ec129e2757d1e4e3c81c3fcda9d0f85b74670a094cc443d9ee949/joblib-1.5.3-py3-none-any.whl", hash = "sha256:5fc3c5039fc5ca8c0276333a188bbd59d6b7ab37fe6632daa76bc7f9ec18e713", size = 309071, upload-time = "2025-12-15T08:41:44.973Z" },
]

[[package]]
name = "numpy"
version = "2.2.4"
source = { registry = "https://pypi.org/simple" }
sdist = { url = "https://files.pythonhosted.org/packages/e1/78/31103410a57bc2c2b93a3597340a8119588571f6a4539067546cb9a0bfac/numpy-2.2.4.tar.gz", hash = "sha256:9ba03692a45d3eef66559efe1d1096c4b9b75c0986b5dff5530c378fb8331d4f", size = 20270701, upload-time = "2025-03-16T18:27:00.648Z" }
wheels = [
    { url = "https://files.pythonhosted.org/packages/a2/30/182db21d4f2a95904cec1a6f779479ea1ac07c0647f064dea454ec650c42/numpy-2.2.4-cp312-cp312-macosx_10_13_x86_64.whl", hash = "sha256:a7b9084668aa0f64e64bd00d27ba5146ef1c3a8835f3bd912e7a9e01326804c4", size = 20947156, upload-time = "2025-03-16T18:09:51.975Z" },
    { url = "https://files.pythonhosted.org/packages/24/6d/9483566acfbda6c62c6bc74b6e981c777229d2af93c8eb2469b26ac1b7bc/numpy-2.2.4-cp312-cp312-macosx_11_0_arm64.whl", hash = "sha256:dbe512c511956b893d2dacd007d955a3f03d555ae05cfa3ff1c1ff6df8851854", size = 14133092, upload-time = "2025-03-16T18:10:16.329Z" },
    { url = "https://files.pythonhosted.org/packages/27/f6/dba8a258acbf9d2bed2525cdcbb9493ef9bae5199d7a9cb92ee7e9b2aea6/numpy-2.2.4-cp312-cp312-macosx_14_0_arm64.whl", hash = "sha256:bb649f8b207ab07caebba230d851b579a3c8711a851d29efe15008e31bb4de24", size = 5163515, upload-time = "2025-03-16T18:10:26.19Z" },
    { url = "https://files.pythonhosted.org/packages/62/30/82116199d1c249446723c68f2c9da40d7f062551036f50b8c4caa42ae252/numpy-2.2.4-cp312-cp312-macosx_14_0_x86_64.whl", hash = "sha256:f34dc300df798742b3d06515aa2a0aee20941c13579d7a2f2e10af01ae4901ee", size = 6696558, upload-time = "2025-03-16T18:10:38.996Z" },
    { url = "https://files.pythonhosted.org/packages/0e/b2/54122b3c6df5df3e87582b2e9430f1bdb63af4023c739ba300164c9ae503/numpy-2.2.4-cp312-cp312-manylinux_2_17_aarch64.manylinux2014_aarch64.whl", hash = "sha256:c3f7ac96b16955634e223b579a3e5798df59007ca43e8d451a0e6a50f6bfdfba", size = 14084742, upload-time = "2025-03-16T18:11:02.76Z" },
    { url = "https://files.pythonhosted.org/packages/02/e2/e2cbb8d634151aab9528ef7b8bab52ee4ab10e076509285602c2a3a686e0/numpy-2.2.4-cp312-cp312-manylinux_2_17_x86_64.manylinux2014_x86_64.whl", hash = "sha256:4f92084defa704deadd4e0a5ab1dc52d8ac9e8a8ef617f3fbb853e79b0ea3592", size = 16134051, upload-time = "2025-03-16T18:11:32.767Z" },
    { url = "https://files.pythonhosted.org/packages/8e/21/efd47800e4affc993e8be50c1b768de038363dd88865920439ef7b422c60/numpy-2.2.4-cp312-cp312-musllinux_1_2_aarch64.whl", hash = "sha256:7a4e84a6283b36632e2a5b56e121961f6542ab886bc9e12f8f9818b3c266bfbb", size = 15578972, upload-time = "2025-03-16T18:11:59.877Z" },
    { url = "https://files.pythonhosted.org/packages/04/1e/f8bb88f6157045dd5d9b27ccf433d016981032690969aa5c19e332b138c0/numpy-2.2.4-cp312-cp312-musllinux_1_2_x86_64.whl", hash = "sha256:11c43995255eb4127115956495f43e9343736edb7fcdb0d973defd9de14cd84f", size = 17898106, upload-time = "2025-03-16T18:12:31.487Z" },
    { url = "https://files.pythonhosted.org/packages/2b/93/df59a5a3897c1f036ae8ff845e45f4081bb06943039ae28a3c1c7c780f22/numpy-2.2.4-cp312-cp312-win32.whl", hash = "sha256:65ef3468b53269eb5fdb3a5c09508c032b793da03251d5f8722b1194f1790c00", size = 6311190, upload-time = "2025-03-16T18:12:44.46Z" },
    { url = "https://files.pythonhosted.org/packages/46/69/8c4f928741c2a8efa255fdc7e9097527c6dc4e4df147e3cadc5d9357ce85/numpy-2.2.4-cp312-cp312-win_amd64.whl", hash = "sha256:2aad3c17ed2ff455b8eaafe06bcdae0062a1db77cb99f4b9cbb5f4ecb13c5146", size = 12644305, upload-time = "2025-03-16T18:13:06.864Z" },
]

[[package]]
name = "packaging"
version = "26.2"
source = { registry = "https://pypi.org/simple" }
sdist = { url = "https://files.pythonhosted.org/packages/d7/f1/e7a6dd94a8d4a5626c03e4e99c87f241ba9e350cd9e6d75123f992427270/packaging-26.2.tar.gz", hash = "sha256:ff452ff5a3e828ce110190feff1178bb1f2ea2281fa2075aadb987c2fb221661", size = 228134, upload-time = "2026-04-24T20:15:23.917Z" }
wheels = [
    { url = "https://files.pythonhosted.org/packages/df/b2/87e62e8c3e2f4b32e5fe99e0b86d576da1312593b39f47d8ceef365e95ed/packaging-26.2-py3-none-any.whl", hash = "sha256:5fc45236b9446107ff2415ce77c807cee2862cb6fac22b8a73826d0693b0980e", size = 100195, upload-time = "2026-04-24T20:15:22.081Z" },
]

[[package]]
name = "pandas"
version = "2.2.3"
source = { registry = "https://pypi.org/simple" }
dependencies = [
    { name = "numpy" },
    { name = "python-dateutil" },
    { name = "pytz" },
    { name = "tzdata" },
]
sdist = { url = "https://files.pythonhosted.org/packages/9c/d6/9f8431bacc2e19dca897724cd097b1bb224a6ad5433784a44b587c7c13af/pandas-2.2.3.tar.gz", hash = "sha256:4f18ba62b61d7e192368b84517265a99b4d7ee8912f8708660fb4a366cc82667", size = 4399213, upload-time = "2024-09-20T13:10:04.827Z" }
wheels = [
    { url = "https://files.pythonhosted.org/packages/17/a3/fb2734118db0af37ea7433f57f722c0a56687e14b14690edff0cdb4b7e58/pandas-2.2.3-cp312-cp312-macosx_10_9_x86_64.whl", hash = "sha256:b1d432e8d08679a40e2a6d8b2f9770a5c21793a6f9f47fdd52c5ce1948a5a8a9", size = 12529893, upload-time = "2024-09-20T13:09:09.655Z" },
    { url = "https://files.pythonhosted.org/packages/e1/0c/ad295fd74bfac85358fd579e271cded3ac969de81f62dd0142c426b9da91/pandas-2.2.3-cp312-cp312-macosx_11_0_arm64.whl", hash = "sha256:a5a1595fe639f5988ba6a8e5bc9649af3baf26df3998a0abe56c02609392e0a4", size = 11363475, upload-time = "2024-09-20T13:09:14.718Z" },
    { url = "https://files.pythonhosted.org/packages/c6/2a/4bba3f03f7d07207481fed47f5b35f556c7441acddc368ec43d6643c5777/pandas-2.2.3-cp312-cp312-manylinux2014_aarch64.manylinux_2_17_aarch64.whl", hash = "sha256:5de54125a92bb4d1c051c0659e6fcb75256bf799a732a87184e5ea503965bce3", size = 15188645, upload-time = "2024-09-20T19:02:03.88Z" },
    { url = "https://files.pythonhosted.org/packages/38/f8/d8fddee9ed0d0c0f4a2132c1dfcf0e3e53265055da8df952a53e7eaf178c/pandas-2.2.3-cp312-cp312-manylinux_2_17_x86_64.manylinux2014_x86_64.whl", hash = "sha256:fffb8ae78d8af97f849404f21411c95062db1496aeb3e56f146f0355c9989319", size = 12739445, upload-time = "2024-09-20T13:09:17.621Z" },
    { url = "https://files.pythonhosted.org/packages/20/e8/45a05d9c39d2cea61ab175dbe6a2de1d05b679e8de2011da4ee190d7e748/pandas-2.2.3-cp312-cp312-musllinux_1_2_aarch64.whl", hash = "sha256:6dfcb5ee8d4d50c06a51c2fffa6cff6272098ad6540aed1a76d15fb9318194d8", size = 16359235, upload-time = "2024-09-20T19:02:07.094Z" },
    { url = "https://files.pythonhosted.org/packages/1d/99/617d07a6a5e429ff90c90da64d428516605a1ec7d7bea494235e1c3882de/pandas-2.2.3-cp312-cp312-musllinux_1_2_x86_64.whl", hash = "sha256:062309c1b9ea12a50e8ce661145c6aab431b1e99530d3cd60640e255778bd43a", size = 14056756, upload-time = "2024-09-20T13:09:20.474Z" },
    { url = "https://files.pythonhosted.org/packages/29/d4/1244ab8edf173a10fd601f7e13b9566c1b525c4f365d6bee918e68381889/pandas-2.2.3-cp312-cp312-win_amd64.whl", hash = "sha256:59ef3764d0fe818125a5097d2ae867ca3fa64df032331b7e0917cf5d7bf66b13", size = 11504248, upload-time = "2024-09-20T13:09:23.137Z" },
]

[[package]]
name = "pluggy"
version = "1.6.0"
source = { registry = "https://pypi.org/simple" }
sdist = { url = "https://files.pythonhosted.org/packages/f9/e2/3e91f31a7d2b083fe6ef3fa267035b518369d9511ffab804f839851d2779/pluggy-1.6.0.tar.gz", hash = "sha256:7dcc130b76258d33b90f61b658791dede3486c3e6bfb003ee5c9bfb396dd22f3", size = 69412, upload-time = "2025-05-15T12:30:07.975Z" }
wheels = [
    { url = "https://files.pythonhosted.org/packages/54/20/4d324d65cc6d9205fabedc306948156824eb9f0ee1633355a8f7ec5c66bf/pluggy-1.6.0-py3-none-any.whl", hash = "sha256:e920276dd6813095e9377c0bc5566d94c932c33b27a3e3945d8389c374dd4746", size = 20538, upload-time = "2025-05-15T12:30:06.134Z" },
]

[[package]]
name = "polars"
version = "1.23.0"
source = { registry = "https://pypi.org/simple" }
sdist = { url = "https://files.pythonhosted.org/packages/dc/8d/d7dbba730dbf8cacf0926e620ea8c16a0f1674ee728c12f02e91066c2655/polars-1.23.0.tar.gz", hash = "sha256:4305e87e4c48bc4ae8401a055fb5431c4c0c4e88855e648927269f31e6d338f0", size = 4438041, upload-time = "2025-02-23T12:21:35.456Z" }
wheels = [
    { url = "https://files.pythonhosted.org/packages/0a/c7/e993e7099a04bd1bb63fa995254fa3b7408bd91e900b96b358aeea26a6f3/polars-1.23.0-cp39-abi3-macosx_10_12_x86_64.whl", hash = "sha256:d9d344958cb9bfe1bd42c1af910cb000c0dfa2892b849f2cd35649e0bcd10fab", size = 33690353, upload-time = "2025-02-23T12:19:42.566Z" },
    { url = "https://files.pythonhosted.org/packages/14/ea/f564320dd1e26d68e8e967048719a30dddfe8dbf2b9feae94ae7cce670c4/polars-1.23.0-cp39-abi3-macosx_11_0_arm64.whl", hash = "sha256:37ca01c31909ead40f32eb275b578c576bdd2e93730a07f3a38688b1c84f6ca8", size = 30405461, upload-time = "2025-02-23T12:19:50.965Z" },
    { url = "https://files.pythonhosted.org/packages/62/c5/5464a08a3c646ac4589fe261f8107e51d4d6a82d0fa699ab2a155733bab6/polars-1.23.0-cp39-abi3-manylinux_2_17_x86_64.manylinux2014_x86_64.whl", hash = "sha256:3cb0b944ddfc13eefa3b8c244cba39790226fd11c861cbba9db2a1cbe033387a", size = 34237443, upload-time = "2025-02-23T12:19:58.151Z" },
    { url = "https://files.pythonhosted.org/packages/31/0a/cdf0a0a3e5618d2fa79ea3a2020d9cac25c0cd4ddf131b7aa3d4314cdf73/polars-1.23.0-cp39-abi3-manylinux_2_24_aarch64.whl", hash = "sha256:655d296078c99cd3f5cefc3ec1f1447676a64f0d7dcd2f89d919f19bf84fa53f", size = 31401840, upload-time = "2025-02-23T12:20:05.768Z" },
    { url = "https://files.pythonhosted.org/packages/86/60/2b0a210920b1c43ba8d920cec116aa21cac0ca4f333501673d94818aca9b/polars-1.23.0-cp39-abi3-win_amd64.whl", hash = "sha256:b774f04d77ed4153d9539e546db5ad6ff4757c79dfe981e22400eb59299c5493", size = 34524233, upload-time = "2025-02-23T12:20:12.034Z" },
    { url = "https://files.pythonhosted.org/packages/cf/77/f03719e1d2699e175ff43ed376d8049a145ce0d080934dc50f435d2975b2/polars-1.23.0-cp39-abi3-win_arm64.whl", hash = "sha256:701df6381665c56da18704305119ce73983b1bead3378fbc8fac7ffd24817e93", size = 30771854, upload-time = "2025-02-23T12:20:18.604Z" },
]

[[package]]
name = "polars-hash"
version = "0.5.2"
source = { registry = "https://pypi.org/simple" }
dependencies = [
    { name = "polars" },
]
sdist = { url = "https://files.pythonhosted.org/packages/25/ba/4e36eae3a537a5b9d8ac9300a1cceb74b86f2617b907284e5adcd47a6e1c/polars_hash-0.5.2.tar.gz", hash = "sha256:c16f58739e231a4c39d5956e49340b7c3415c8ad49f4a183d529b5984f1c37d9", size = 33457, upload-time = "2024-12-01T13:59:31.756Z" }
wheels = [
    { url = "https://files.pythonhosted.org/packages/c6/ce/ef4cf9bcad7d83b5097d3d45885c026e31b2b7a0dda8f2eb7d20382a3f17/polars_hash-0.5.2-cp38-abi3-macosx_10_12_x86_64.whl", hash = "sha256:4d768a025bfe4e74a3bf4a3a98f2b44a32ab00494ac43ec44be37aafa445bb0a", size = 3442518, upload-time = "2024-12-01T13:58:02.816Z" },
    { url = "https://files.pythonhosted.org/packages/ae/01/407ad2045bf6b5058fd08092a233542f6854718674be93bf73e7a1c64e8e/polars_hash-0.5.2-cp38-abi3-macosx_11_0_arm64.whl", hash = "sha256:79d0979f14fe8a6b9ce829cdbd2517925372185fea96fb3fe8c9b408a32299c4", size = 3092983, upload-time = "2024-12-01T13:58:15.173Z" },
    { url = "https://files.pythonhosted.org/packages/74/52/2600ba47c617000c624cf7578aa009e605672f5815e900398792b05b9035/polars_hash-0.5.2-cp38-abi3-manylinux_2_17_aarch64.manylinux2014_aarch64.whl", hash = "sha256:6ee13335a0d4fe2978718889f419ac966f2b4dddc3f378ca3f85b640eca25933", size = 4135821, upload-time = "2024-12-01T13:58:19.954Z" },
    { url = "https://files.pythonhosted.org/packages/85/49/6da59d50906e0acf2f74aae05a721f7d347b1fe5039bd6415cfc8bc75668/polars_hash-0.5.2-cp38-abi3-manylinux_2_17_armv7l.manylinux2014_armv7l.whl", hash = "sha256:d7420b0508066254e19ef63173299893d76d1437f9d4d39d7a745b25cf885b86", size = 4358612, upload-time = "2024-12-01T13:58:34.226Z" },
    { url = "https://files.pythonhosted.org/packages/cc/37/b51a772af03571700aa4972ab30ced44dec2feed08b26f6e7c587c6fc150/polars_hash-0.5.2-cp38-abi3-manylinux_2_17_i686.manylinux2014_i686.whl", hash = "sha256:56b1c89f5ab56073f02049ce6fd935b2aae29a163fb9c88fad77a0a9c1e070e4", size = 4824449, upload-time = "2024-12-01T13:58:42.093Z" },
    { url = "https://files.pythonhosted.org/packages/29/f5/ee6daa0ee8c979380ebe2b4c6eed2359eeb6e0b417a3e64e525589c46ef8/polars_hash-0.5.2-cp38-abi3-manylinux_2_17_ppc64le.manylinux2014_ppc64le.whl", hash = "sha256:3bd451eb8e8785f19c7127d4f00f3c603713f9aa94aba62f30849325a0e6ba16", size = 4665759, upload-time = "2024-12-01T13:58:57.194Z" },
    { url = "https://files.pythonhosted.org/packages/7a/5a/df82f964eb7673bc9bc173f2f256ea764c7ad09a1bcfb1ec279f7604a36e/polars_hash-0.5.2-cp38-abi3-manylinux_2_17_x86_64.manylinux2014_x86_64.whl", hash = "sha256:20f2a6496ef3846cdf759da37add264308b025eb45859668db3c336fb6d80afe", size = 4626647, upload-time = "2024-12-01T13:59:01.599Z" },
    { url = "https://files.pythonhosted.org/packages/72/ac/0c49e366134fbff15077d2bdc30b61ab92eab7e8d6b930ea180e17c2dc5a/polars_hash-0.5.2-cp38-abi3-win32.whl", hash = "sha256:dcd0063332cc0bb7c12a4e6691301090ab298907f49746fed8b034b2c2a4b4e7", size = 3488499, upload-time = "2024-12-01T13:59:12.552Z" },
    { url = "https://files.pythonhosted.org/packages/23/a8/3e22266bb5be3799dfe7b65b8f9231ceee965da87fe36c972618599ee955/polars_hash-0.5.2-cp38-abi3-win_amd64.whl", hash = "sha256:a59c3337f90ec36079106f42df3162db896eeabef0049c4f96a88efdce7f199f", size = 3851203, upload-time = "2024-12-01T13:59:19.49Z" },
]

[[package]]
name = "pygments"
version = "2.20.0"
source = { registry = "https://pypi.org/simple" }
sdist = { url = "https://files.pythonhosted.org/packages/c3/b2/bc9c9196916376152d655522fdcebac55e66de6603a76a02bca1b6414f6c/pygments-2.20.0.tar.gz", hash = "sha256:6757cd03768053ff99f3039c1a36d6c0aa0b263438fcab17520b30a303a82b5f", size = 4955991, upload-time = "2026-03-29T13:29:33.898Z" }
wheels = [
    { url = "https://files.pythonhosted.org/packages/f4/7e/a72dd26f3b0f4f2bf1dd8923c85f7ceb43172af56d63c7383eb62b332364/pygments-2.20.0-py3-none-any.whl", hash = "sha256:81a9e26dd42fd28a23a2d169d86d7ac03b46e2f8b59ed4698fb4785f946d0176", size = 1231151, upload-time = "2026-03-29T13:29:30.038Z" },
]

[[package]]
name = "pytest"
version = "9.0.3"
source = { registry = "https://pypi.org/simple" }
dependencies = [
    { name = "colorama", marker = "sys_platform == 'win32'" },
    { name = "iniconfig" },
    { name = "packaging" },
    { name = "pluggy" },
    { name = "pygments" },
]
sdist = { url = "https://files.pythonhosted.org/packages/7d/0d/549bd94f1a0a402dc8cf64563a117c0f3765662e2e668477624baeec44d5/pytest-9.0.3.tar.gz", hash = "sha256:b86ada508af81d19edeb213c681b1d48246c1a91d304c6c81a427674c17eb91c", size = 1572165, upload-time = "2026-04-07T17:16:18.027Z" }
wheels = [
    { url = "https://files.pythonhosted.org/packages/d4/24/a372aaf5c9b7208e7112038812994107bc65a84cd00e0354a88c2c77a617/pytest-9.0.3-py3-none-any.whl", hash = "sha256:2c5efc453d45394fdd706ade797c0a81091eccd1d6e4bccfcd476e2b8e0ab5d9", size = 375249, upload-time = "2026-04-07T17:16:16.13Z" },
]

[[package]]
name = "pytest-cov"
version = "7.1.0"
source = { registry = "https://pypi.org/simple" }
dependencies = [
    { name = "coverage" },
    { name = "pluggy" },
    { name = "pytest" },
]
sdist = { url = "https://files.pythonhosted.org/packages/b1/51/a849f96e117386044471c8ec2bd6cfebacda285da9525c9106aeb28da671/pytest_cov-7.1.0.tar.gz", hash = "sha256:30674f2b5f6351aa09702a9c8c364f6a01c27aae0c1366ae8016160d1efc56b2", size = 55592, upload-time = "2026-03-21T20:11:16.284Z" }
wheels = [
    { url = "https://files.pythonhosted.org/packages/9d/7a/d968e294073affff457b041c2be9868a40c1c71f4a35fcc1e45e5493067b/pytest_cov-7.1.0-py3-none-any.whl", hash = "sha256:a0461110b7865f9a271aa1b51e516c9a95de9d696734a2f71e3e78f46e1d4678", size = 22876, upload-time = "2026-03-21T20:11:14.438Z" },
]

[[package]]
name = "python-dateutil"
version = "2.9.0.post0"
source = { registry = "https://pypi.org/simple" }
dependencies = [
    { name = "six" },
]
sdist = { url = "https://files.pythonhosted.org/packages/66/c0/0c8b6ad9f17a802ee498c46e004a0eb49bc148f2fd230864601a86dcf6db/python-dateutil-2.9.0.post0.tar.gz", hash = "sha256:37dd54208da7e1cd875388217d5e00ebd4179249f90fb72437e91a35459a0ad3", size = 342432, upload-time = "2024-03-01T18:36:20.211Z" }
wheels = [
    { url = "https://files.pythonhosted.org/packages/ec/57/56b9bcc3c9c6a792fcbaf139543cee77261f3651ca9da0c93f5c1221264b/python_dateutil-2.9.0.post0-py2.py3-none-any.whl", hash = "sha256:a8b2bc7bffae282281c8140a97d3aa9c14da0b136dfe83f850eea9a5f7470427", size = 229892, upload-time = "2024-03-01T18:36:18.57Z" },
]

[[package]]
name = "pytz"
version = "2026.2"
source = { registry = "https://pypi.org/simple" }
sdist = { url = "https://files.pythonhosted.org/packages/ff/46/dd499ec9038423421951e4fad73051febaa13d2df82b4064f87af8b8c0c3/pytz-2026.2.tar.gz", hash = "sha256:0e60b47b29f21574376f218fe21abc009894a2321ea16c6754f3cad6eb7cdd6a", size = 320861, upload-time = "2026-05-04T01:35:29.667Z" }
wheels = [
    { url = "https://files.pythonhosted.org/packages/ec/dd/96da98f892250475bdf2328112d7468abdd4acc7b902b6af23f4ed958ea0/pytz-2026.2-py2.py3-none-any.whl", hash = "sha256:04156e608bee23d3792fd45c94ae47fae1036688e75032eea2e3bf0323d1f126", size = 510141, upload-time = "2026-05-04T01:35:27.408Z" },
]

[[package]]
name = "scikit-learn"
version = "1.6.1"
source = { registry = "https://pypi.org/simple" }
dependencies = [
    { name = "joblib" },
    { name = "numpy" },
    { name = "scipy" },
    { name = "threadpoolctl" },
]
sdist = { url = "https://files.pythonhosted.org/packages/9e/a5/4ae3b3a0755f7b35a280ac90b28817d1f380318973cff14075ab41ef50d9/scikit_learn-1.6.1.tar.gz", hash = "sha256:b4fc2525eca2c69a59260f583c56a7557c6ccdf8deafdba6e060f94c1c59738e", size = 7068312, upload-time = "2025-01-10T08:07:55.348Z" }
wheels = [
    { url = "https://files.pythonhosted.org/packages/0a/18/c797c9b8c10380d05616db3bfb48e2a3358c767affd0857d56c2eb501caa/scikit_learn-1.6.1-cp312-cp312-macosx_10_13_x86_64.whl", hash = "sha256:926f207c804104677af4857b2c609940b743d04c4c35ce0ddc8ff4f053cddc1b", size = 12104516, upload-time = "2025-01-10T08:06:40.009Z" },
    { url = "https://files.pythonhosted.org/packages/c4/b7/2e35f8e289ab70108f8cbb2e7a2208f0575dc704749721286519dcf35f6f/scikit_learn-1.6.1-cp312-cp312-macosx_12_0_arm64.whl", hash = "sha256:2c2cae262064e6a9b77eee1c8e768fc46aa0b8338c6a8297b9b6759720ec0ff2", size = 11167837, upload-time = "2025-01-10T08:06:43.305Z" },
    { url = "https://files.pythonhosted.org/packages/a4/f6/ff7beaeb644bcad72bcfd5a03ff36d32ee4e53a8b29a639f11bcb65d06cd/scikit_learn-1.6.1-cp312-cp312-manylinux_2_17_aarch64.manylinux2014_aarch64.whl", hash = "sha256:1061b7c028a8663fb9a1a1baf9317b64a257fcb036dae5c8752b2abef31d136f", size = 12253728, upload-time = "2025-01-10T08:06:47.618Z" },
    { url = "https://files.pythonhosted.org/packages/29/7a/8bce8968883e9465de20be15542f4c7e221952441727c4dad24d534c6d99/scikit_learn-1.6.1-cp312-cp312-manylinux_2_17_x86_64.manylinux2014_x86_64.whl", hash = "sha256:2e69fab4ebfc9c9b580a7a80111b43d214ab06250f8a7ef590a4edf72464dd86", size = 13147700, upload-time = "2025-01-10T08:06:50.888Z" },
    { url = "https://files.pythonhosted.org/packages/62/27/585859e72e117fe861c2079bcba35591a84f801e21bc1ab85bce6ce60305/scikit_learn-1.6.1-cp312-cp312-win_amd64.whl", hash = "sha256:70b1d7e85b1c96383f872a519b3375f92f14731e279a7b4c6cfd650cf5dffc52", size = 11110613, upload-time = "2025-01-10T08:06:54.115Z" },
]

[[package]]
name = "scipy"
version = "1.15.2"
source = { registry = "https://pypi.org/simple" }
dependencies = [
    { name = "numpy" },
]
sdist = { url = "https://files.pythonhosted.org/packages/b7/b9/31ba9cd990e626574baf93fbc1ac61cf9ed54faafd04c479117517661637/scipy-1.15.2.tar.gz", hash = "sha256:cd58a314d92838f7e6f755c8a2167ead4f27e1fd5c1251fd54289569ef3495ec", size = 59417316, upload-time = "2025-02-17T00:42:24.791Z" }
wheels = [
    { url = "https://files.pythonhosted.org/packages/4b/5d/3c78815cbab499610f26b5bae6aed33e227225a9fa5290008a733a64f6fc/scipy-1.15.2-cp312-cp312-macosx_10_13_x86_64.whl", hash = "sha256:c4697a10da8f8765bb7c83e24a470da5797e37041edfd77fd95ba3811a47c4fd", size = 38756184, upload-time = "2025-02-17T00:31:50.623Z" },
    { url = "https://files.pythonhosted.org/packages/37/20/3d04eb066b471b6e171827548b9ddb3c21c6bbea72a4d84fc5989933910b/scipy-1.15.2-cp312-cp312-macosx_12_0_arm64.whl", hash = "sha256:869269b767d5ee7ea6991ed7e22b3ca1f22de73ab9a49c44bad338b725603301", size = 30163558, upload-time = "2025-02-17T00:31:56.721Z" },
    { url = "https://files.pythonhosted.org/packages/a4/98/e5c964526c929ef1f795d4c343b2ff98634ad2051bd2bbadfef9e772e413/scipy-1.15.2-cp312-cp312-macosx_14_0_arm64.whl", hash = "sha256:bad78d580270a4d32470563ea86c6590b465cb98f83d760ff5b0990cb5518a93", size = 22437211, upload-time = "2025-02-17T00:32:03.042Z" },
    { url = "https://files.pythonhosted.org/packages/1d/cd/1dc7371e29195ecbf5222f9afeedb210e0a75057d8afbd942aa6cf8c8eca/scipy-1.15.2-cp312-cp312-macosx_14_0_x86_64.whl", hash = "sha256:b09ae80010f52efddb15551025f9016c910296cf70adbf03ce2a8704f3a5ad20", size = 25232260, upload-time = "2025-02-17T00:32:07.847Z" },
    { url = "https://files.pythonhosted.org/packages/f0/24/1a181a9e5050090e0b5138c5f496fee33293c342b788d02586bc410c6477/scipy-1.15.2-cp312-cp312-manylinux_2_17_aarch64.manylinux2014_aarch64.whl", hash = "sha256:5a6fd6eac1ce74a9f77a7fc724080d507c5812d61e72bd5e4c489b042455865e", size = 35198095, upload-time = "2025-02-17T00:32:14.565Z" },
    { url = "https://files.pythonhosted.org/packages/c0/53/eaada1a414c026673eb983f8b4a55fe5eb172725d33d62c1b21f63ff6ca4/scipy-1.15.2-cp312-cp312-manylinux_2_17_x86_64.manylinux2014_x86_64.whl", hash = "sha256:2b871df1fe1a3ba85d90e22742b93584f8d2b8e6124f8372ab15c71b73e428b8", size = 37297371, upload-time = "2025-02-17T00:32:21.411Z" },
    { url = "https://files.pythonhosted.org/packages/e9/06/0449b744892ed22b7e7b9a1994a866e64895363572677a316a9042af1fe5/scipy-1.15.2-cp312-cp312-musllinux_1_2_aarch64.whl", hash = "sha256:03205d57a28e18dfd39f0377d5002725bf1f19a46f444108c29bdb246b6c8a11", size = 36872390, upload-time = "2025-02-17T00:32:29.421Z" },
    { url = "https://files.pythonhosted.org/packages/6a/6f/a8ac3cfd9505ec695c1bc35edc034d13afbd2fc1882a7c6b473e280397bb/scipy-1.15.2-cp312-cp312-musllinux_1_2_x86_64.whl", hash = "sha256:601881dfb761311045b03114c5fe718a12634e5608c3b403737ae463c9885d53", size = 39700276, upload-time = "2025-02-17T00:32:37.431Z" },
    { url = "https://files.pythonhosted.org/packages/f5/6f/e6e5aff77ea2a48dd96808bb51d7450875af154ee7cbe72188afb0b37929/scipy-1.15.2-cp312-cp312-win_amd64.whl", hash = "sha256:e7c68b6a43259ba0aab737237876e5c2c549a031ddb7abc28c7b47f22e202ded", size = 40942317, upload-time = "2025-02-17T00:32:45.47Z" },
]

[[package]]
name = "six"
version = "1.17.0"
source = { registry = "https://pypi.org/simple" }
sdist = { url = "https://files.pythonhosted.org/packages/94/e7/b2c673351809dca68a0e064b6af791aa332cf192da575fd474ed7d6f16a2/six-1.17.0.tar.gz", hash = "sha256:ff70335d468e7eb6ec65b95b99d3a2836546063f63acc5171de367e834932a81", size = 34031, upload-time = "2024-12-04T17:35:28.174Z" }
wheels = [
    { url = "https://files.pythonhosted.org/packages/b7/ce/149a00dd41f10bc29e5921b496af8b574d8413afcd5e30dfa0ed46c2cc5e/six-1.17.0-py2.py3-none-any.whl", hash = "sha256:4721f391ed90541fddacab5acf947aa0d3dc7d27b2e1e8eda2be8970586c3274", size = 11050, upload-time = "2024-12-04T17:35:26.475Z" },
]

[[package]]
name = "threadpoolctl"
version = "3.6.0"
source = { registry = "https://pypi.org/simple" }
sdist = { url = "https://files.pythonhosted.org/packages/b7/4d/08c89e34946fce2aec4fbb45c9016efd5f4d7f24af8e5d93296e935631d8/threadpoolctl-3.6.0.tar.gz", hash = "sha256:8ab8b4aa3491d812b623328249fab5302a68d2d71745c8a4c719a2fcaba9f44e", size = 21274, upload-time = "2025-03-13T13:49:23.031Z" }
wheels = [
    { url = "https://files.pythonhosted.org/packages/32/d5/f9a850d79b0851d1d4ef6456097579a9005b31fea68726a4ae5f2d82ddd9/threadpoolctl-3.6.0-py3-none-any.whl", hash = "sha256:43a0b8fd5a2928500110039e43a5eed8480b918967083ea48dc3ab9f13c4a7fb", size = 18638, upload-time = "2025-03-13T13:49:21.846Z" },
]

[[package]]
name = "tzdata"
version = "2026.2"
source = { registry = "https://pypi.org/simple" }
sdist = { url = "https://files.pythonhosted.org/packages/ba/19/1b9b0e29f30c6d35cb345486df41110984ea67ae69dddbc0e8a100999493/tzdata-2026.2.tar.gz", hash = "sha256:9173fde7d80d9018e02a662e168e5a2d04f87c41ea174b139fbef642eda62d10", size = 198254, upload-time = "2026-04-24T15:22:08.651Z" }
wheels = [
    { url = "https://files.pythonhosted.org/packages/ce/e4/dccd7f47c4b64213ac01ef921a1337ee6e30e8c6466046018326977efd95/tzdata-2026.2-py2.py3-none-any.whl", hash = "sha256:bbe9af844f658da81a5f95019480da3a89415801f6cc966806612cc7169bffe7", size = 349321, upload-time = "2026-04-24T15:22:05.876Z" },
]
